{
  "name": "apcsp-arduino",
  "lockfileVersion": 3,
  "requires": true,
  "packages": {
    "": {
      "dependencies": {
        "pcm": "^1.0.3"
      }
    },
    "node_modules/pcm": {
      "version": "1.0.3",
      "resolved": "https://registry.npmjs.org/pcm/-/pcm-1.0.3.tgz",
      "integrity": "sha512-N/qULxlCd++KuA4gAi9+wG9HpPmSOHowYj6KumrGsaoDVrcswut6K/GomqoFcbVXSnAnAf2SevVn1ehTQgFdHA=="
    }
  }
}
